# This file is automatically @generated by Cargo.
# It is not intended for manual editing.
version = 4

[[package]]
name = "xlm-ns-auction"
version = "0.1.0"
dependencies = [
 "xlm-ns-common",
]

[[package]]
name = "xlm-ns-bridge"
version = "0.1.0"
dependencies = [
 "xlm-ns-common",
]

[[package]]
name = "xlm-ns-cli"
version = "0.1.0"
dependencies = [
 "xlm-ns-auction",
 "xlm-ns-sdk",
]

[[package]]
name = "xlm-ns-common"
version = "0.1.0"

[[package]]
name = "xlm-ns-nft"
version = "0.1.0"

[[package]]
name = "xlm-ns-registrar"
version = "0.1.0"
dependencies = [
 "xlm-ns-common",
]

[[package]]
name = "xlm-ns-registry"
version = "0.1.0"
dependencies = [
 "xlm-ns-common",
]

[[package]]
name = "xlm-ns-resolver"
version = "0.1.0"
dependencies = [
 "xlm-ns-common",
]

[[package]]
name = "xlm-ns-sdk"
version = "0.1.0"
dependencies = [
 "xlm-ns-common",
]

[[package]]
name = "xlm-ns-subdomain"
version = "0.1.0"
dependencies = [
 "xlm-ns-common",
]
